
Microsoft Visual Studio Solution File, Format Version 12.00
# Visual Studio Version 17
VisualStudioVersion = 17.3.32825.248
MinimumVisualStudioVersion = 10.0.40219.1
Project("{FAE04EC0-301F-11D3-BF4B-00C04F79EFBC}") = "MegaDesk-Donaldson", "MegaDesk-Donaldson\MegaDesk-Donaldson.csproj", "{6A8700A1-8B97-4DB3-908C-D50E71ACF22D}"
EndProject
Global
	GlobalSection(SolutionConfigurationPlatforms) = preSolution
		Debug|Any CPU = Debug|Any CPU
		Release|Any CPU = Release|Any CPU
	EndGlobalSection
	GlobalSection(ProjectConfigurationPlatforms) = postSolution
		{6A8700A1-8B97-4DB3-908C-D50E71ACF22D}.Debug|Any CPU.ActiveCfg = Debug|Any CPU
		{6A8700A1-8B97-4DB3-908C-D50E71ACF22D}.Debug|Any CPU.Build.0 = Debug|Any CPU
		{6A8700A1-8B97-4DB3-908C-D50E71ACF22D}.Release|Any CPU.ActiveCfg = Release|Any CPU
		{6A8700A1-8B97-4DB3-908C-D50E71ACF22D}.Release|Any CPU.Build.0 = Release|Any CPU
	EndGlobalSection
	GlobalSection(SolutionProperties) = preSolution
		HideSolutionNode = FALSE
	EndGlobalSection
	GlobalSection(ExtensibilityGlobals) = postSolution
		SolutionGuid = {0B9141E3-257C-4BA5-B418-1A30E583220D}
	EndGlobalSection
EndGlobal
